// !$*UTF8*$!
{
	archiveVersion = 1;
	classes = {
	};
	objectVersion = 46;
	objects = {

/* Begin PBXBuildFile section */
		7954F7B81A7EF75A00E2341C /* AppDelegate.swift in Sources */ = {isa = PBXBuildFile; fileRef = 7954F7B71A7EF75A00E2341C /* AppDelegate.swift */; };
		7954F7BA1A7EF75A00E2341C /* ViewController.swift in Sources */ = {isa = PBXBuildFile; fileRef = 7954F7B91A7EF75A00E2341C /* ViewController.swift */; };
		7954F7BD1A7EF75A00E2341C /* Main.storyboard in Resources */ = {isa = PBXBuildFile; fileRef = 7954F7BB1A7EF75A00E2341C /* Main.storyboard */; };
		7954F7BF1A7EF75A00E2341C /* Images.xcassets in Resources */ = {isa = PBXBuildFile; fileRef = 7954F7BE1A7EF75A00E2341C /* Images.xcassets */; };
		7954F7C21A7EF75A00E2341C /* LaunchScreen.xib in Resources */ = {isa = PBXBuildFile; fileRef = 7954F7C01A7EF75A00E2341C /* LaunchScreen.xib */; };
		7954F7CE1A7EF75A00E2341C /* OptionalExamplesTests.swift in Sources */ = {isa = PBXBuildFile; fileRef = 7954F7CD1A7EF75A00E2341C /* OptionalExamplesTests.swift */; };
		798EF1821A850F9500F4A1AC /* User.swift in Sources */ = {isa = PBXBuildFile; fileRef = 798EF1811A850F9500F4A1AC /* User.swift */; };
/* End PBXBuildFile section */

/* Begin PBXContainerItemProxy section */
		7954F7C81A7EF75A00E2341C /* PBXContainerItemProxy */ = {
			isa = PBXContainerItemProxy;
			containerPortal = 7954F7AA1A7EF75900E2341C /* Project object */;
			proxyType = 1;
			remoteGlobalIDString = 7954F7B11A7EF75A00E2341C;
			remoteInfo = OptionalExamples;
		};
/* End PBXContainerItemProxy section */

/* Begin PBXFileReference section */
		7954F7B21A7EF75A00E2341C /* OptionalExamples.app */ = {isa = PBXFileReference; explicitFileType = wrapper.application; includeInIndex = 0; path = OptionalExamples.app; sourceTree = BUILT_PRODUCTS_DIR; };
		7954F7B61A7EF75A00E2341C /* Info.plist */ = {isa = PBXFileReference; lastKnownFileType = text.plist.xml; path = Info.plist; sourceTree = "<group>"; };
		7954F7B71A7EF75A00E2341C /* AppDelegate.swift */ = {isa = PBXFileReference; lastKnownFileType = sourcecode.swift; path = AppDelegate.swift; sourceTree = "<group>"; };
		7954F7B91A7EF75A00E2341C /* ViewController.swift */ = {isa = PBXFileReference; lastKnownFileType = sourcecode.swift; path = ViewController.swift; sourceTree = "<group>"; };
		7954F7BC1A7EF75A00E2341C /* Base */ = {isa = PBXFileReference; lastKnownFileType = file.storyboard; name = Base; path = Base.lproj/Main.storyboard; sourceTree = "<group>"; };
		7954F7BE1A7EF75A00E2341C /* Images.xcassets */ = {isa = PBXFileReference; lastKnownFileType = folder.assetcatalog; path = Images.xcassets; sourceTree = "<group>"; };
		7954F7C11A7EF75A00E2341C /* Base */ = {isa = PBXFileReference; lastKnownFileType = file.xib; name = Base; path = Base.lproj/LaunchScreen.xib; sourceTree = "<group>"; };
		7954F7C71A7EF75A00E2341C /* OptionalExamplesTests.xctest */ = {isa = PBXFileReference; explicitFileType = wrapper.cfbundle; includeInIndex = 0; path = OptionalExamplesTests.xctest; sourceTree = BUILT_PRODUCTS_DIR; };
		7954F7CC1A7EF75A00E2341C /* Info.plist */ = {isa = PBXFileReference; lastKnownFileType = text.plist.xml; path = Info.plist; sourceTree = "<group>"; };
		7954F7CD1A7EF75A00E2341C /* OptionalExamplesTests.swift */ = {isa = PBXFileReference; lastKnownFileType = sourcecode.swift; path = OptionalExamplesTests.swift; sourceTree = "<group>"; };
		798EF1811A850F9500F4A1AC /* User.swift */ = {isa = PBXFileReference; fileEncoding = 4; lastKnownFileType = sourcecode.swift; path = User.swift; sourceTree = "<group>"; };
/* End PBXFileReference section */

/* Begin PBXFrameworksBuildPhase section */
		7954F7AF1A7EF75A00E2341C /* Frameworks */ = {
			isa = PBXFrameworksBuildPhase;
			buildActionMask = 2147483647;
			files = (
			);
			runOnlyForDeploymentPostprocessing = 0;
		};
		7954F7C41A7EF75A00E2341C /* Frameworks */ = {
			isa = PBXFrameworksBuildPhase;
			buildActionMask = 2147483647;
			files = (
			);
			runOnlyForDeploymentPostprocessing = 0;
		};
/* End PBXFrameworksBuildPhase section */

/* Begin PBXGroup section */
		7954F7A91A7EF75900E2341C = {
			isa = PBXGroup;
			children = (
				7954F7B41A7EF75A00E2341C /* OptionalExamples */,
				7954F7CA1A7EF75A00E2341C /* OptionalExamplesTests */,
				7954F7B31A7EF75A00E2341C /* Products */,
			);
			sourceTree = "<group>";
		};
		7954F7B31A7EF75A00E2341C /* Products */ = {
			isa = PBXGroup;
			children = (
				7954F7B21A7EF75A00E2341C /* OptionalExamples.app */,
				7954F7C71A7EF75A00E2341C /* OptionalExamplesTests.xctest */,
			);
			name = Products;
			sourceTree = "<group>";
		};
		7954F7B41A7EF75A00E2341C /* OptionalExamples */ = {
			isa = PBXGroup;
			children = (
				798EF1811A850F9500F4A1AC /* User.swift */,
				7954F7B71A7EF75A00E2341C /* AppDelegate.swift */,
				7954F7B91A7EF75A00E2341C /* ViewController.swift */,
				7954F7BB1A7EF75A00E2341C /* Main.storyboard */,
				7954F7BE1A7EF75A00E2341C /* Images.xcassets */,
				7954F7C01A7EF75A00E2341C /* LaunchScreen.xib */,
				7954F7B51A7EF75A00E2341C /* Supporting Files */,
			);
			path = OptionalExamples;
			sourceTree = "<group>";
		};
		7954F7B51A7EF75A00E2341C /* Supporting Files */ = {
			isa = PBXGroup;
			children = (
				7954F7B61A7EF75A00E2341C /* Info.plist */,
			);
			name = "Supporting Files";
			sourceTree = "<group>";
		};
		7954F7CA1A7EF75A00E2341C /* OptionalExamplesTests */ = {
			isa = PBXGroup;
			children = (
				7954F7CD1A7EF75A00E2341C /* OptionalExamplesTests.swift */,
				7954F7CB1A7EF75A00E2341C /* Supporting Files */,
			);
			path = OptionalExamplesTests;
			sourceTree = "<group>";
		};
		7954F7CB1A7EF75A00E2341C /* Supporting Files */ = {
			isa = PBXGroup;
			children = (
				7954F7CC1A7EF75A00E2341C /* Info.plist */,
			);
			name = "Supporting Files";
			sourceTree = "<group>";
		};
/* End PBXGroup section */

/* Begin PBXNativeTarget section */
		7954F7B11A7EF75A00E2341C /* OptionalExamples */ = {
			isa = PBXNativeTarget;
			buildConfigurationList = 7954F7D11A7EF75A00E2341C /* Build configuration list for PBXNativeTarget "OptionalExamples" */;
			buildPhases = (
				7954F7AE1A7EF75A00E2341C /* Sources */,
				7954F7AF1A7EF75A00E2341C /* Frameworks */,
				7954F7B01A7EF75A00E2341C /* Resources */,
			);
			buildRules = (
			);
			dependencies = (
			);
			name = OptionalExamples;
			productName = OptionalExamples;
			productReference = 7954F7B21A7EF75A00E2341C /* OptionalExamples.app */;
			productType = "com.apple.product-type.application";
		};
		7954F7C61A7EF75A00E2341C /* OptionalExamplesTests */ = {
			isa = PBXNativeTarget;
			buildConfigurationList = 7954F7D41A7EF75A00E2341C /* Build configuration list for PBXNativeTarget "OptionalExamplesTests" */;
			buildPhases = (
				7954F7C31A7EF75A00E2341C /* Sources */,
				7954F7C41A7EF75A00E2341C /* Frameworks */,
				7954F7C51A7EF75A00E2341C /* Resources */,
			);
			buildRules = (
			);
			dependencies = (
				7954F7C91A7EF75A00E2341C /* PBXTargetDependency */,
			);
			name = OptionalExamplesTests;
			productName = OptionalExamplesTests;
			productReference = 7954F7C71A7EF75A00E2341C /* OptionalExamplesTests.xctest */;
			productType = "com.apple.product-type.bundle.unit-test";
		};
/* End PBXNativeTarget section */

/* Begin PBXProject section */
		7954F7AA1A7EF75900E2341C /* Project object */ = {
			isa = PBXProject;
			attributes = {
				LastUpgradeCheck = 0610;
				ORGANIZATIONNAME = PatientsLikeMe;
				TargetAttributes = {
					7954F7B11A7EF75A00E2341C = {
						CreatedOnToolsVersion = 6.1.1;
					};
					7954F7C61A7EF75A00E2341C = {
						CreatedOnToolsVersion = 6.1.1;
						TestTargetID = 7954F7B11A7EF75A00E2341C;
					};
				};
			};
			buildConfigurationList = 7954F7AD1A7EF75900E2341C /* Build configuration list for PBXProject "OptionalExamples" */;
			compatibilityVersion = "Xcode 3.2";
			developmentRegion = English;
			hasScannedForEncodings = 0;
			knownRegions = (
				en,
				Base,
			);
			mainGroup = 7954F7A91A7EF75900E2341C;
			productRefGroup = 7954F7B31A7EF75A00E2341C /* Products */;
			projectDirPath = "";
			projectRoot = "";
			targets = (
				7954F7B11A7EF75A00E2341C /* OptionalExamples */,
				7954F7C61A7EF75A00E2341C /* OptionalExamplesTests */,
			);
		};
/* End PBXProject section */

/* Begin PBXResourcesBuildPhase section */
		7954F7B01A7EF75A00E2341C /* Resources */ = {
			isa = PBXResourcesBuildPhase;
			buildActionMask = 2147483647;
			files = (
				7954F7BD1A7EF75A00E2341C /* Main.storyboard in Resources */,
				7954F7C21A7EF75A00E2341C /* LaunchScreen.xib in Resources */,
				7954F7BF1A7EF75A00E2341C /* Images.xcassets in Resources */,
			);
			runOnlyForDeploymentPostprocessing = 0;
		};
		7954F7C51A7EF75A00E2341C /* Resources */ = {
			isa = PBXResourcesBuildPhase;
			buildActionMask = 2147483647;
			files = (
			);
			runOnlyForDeploymentPostprocessing = 0;
		};
/* End PBXResourcesBuildPhase section */

/* Begin PBXSourcesBuildPhase section */
		7954F7AE1A7EF75A00E2341C /* Sources */ = {
			isa = PBXSourcesBuildPhase;
			buildActionMask = 2147483647;
			files = (
				7954F7BA1A7EF75A00E2341C /* ViewController.swift in Sources */,
				7954F7B81A7EF75A00E2341C /* AppDelegate.swift in Sources */,
				798EF1821A850F9500F4A1AC /* User.swift in Sources */,
			);
			runOnlyForDeploymentPostprocessing = 0;
		};
		7954F7C31A7EF75A00E2341C /* Sources */ = {
			isa = PBXSourcesBuildPhase;
			buildActionMask = 2147483647;
			files = (
				7954F7CE1A7EF75A00E2341C /* OptionalExamplesTests.swift in Sources */,
			);
			runOnlyForDeploymentPostprocessing = 0;
		};
/* End PBXSourcesBuildPhase section */

/* Begin PBXTargetDependency section */
		7954F7C91A7EF75A00E2341C /* PBXTargetDependency */ = {
			isa = PBXTargetDependency;
			target = 7954F7B11A7EF75A00E2341C /* OptionalExamples */;
			targetProxy = 7954F7C81A7EF75A00E2341C /* PBXContainerItemProxy */;
		};
/* End PBXTargetDependency section */

/* Begin PBXVariantGroup section */
		7954F7BB1A7EF75A00E2341C /* Main.storyboard */ = {
			isa = PBXVariantGroup;
			children = (
				7954F7BC1A7EF75A00E2341C /* Base */,
			);
			name = Main.storyboard;
			sourceTree = "<group>";
		};
		7954F7C01A7EF75A00E2341C /* LaunchScreen.xib */ = {
			isa = PBXVariantGroup;
			children = (
				7954F7C11A7EF75A00E2341C /* Base */,
			);
			name = LaunchScreen.xib;
			sourceTree = "<group>";
		};
/* End PBXVariantGroup section */

/* Begin XCBuildConfiguration section */
		7954F7CF1A7EF75A00E2341C /* Debug */ = {
			isa = XCBuildConfiguration;
			buildSettings = {
				ALWAYS_SEARCH_USER_PATHS = NO;
				CLANG_CXX_LANGUAGE_STANDARD = "gnu++0x";
				CLANG_CXX_LIBRARY = "libc++";
				CLANG_ENABLE_MODULES = YES;
				CLANG_ENABLE_OBJC_ARC = YES;
				CLANG_WARN_BOOL_CONVERSION = YES;
				CLANG_WARN_CONSTANT_CONVERSION = YES;
				CLANG_WARN_DIRECT_OBJC_ISA_USAGE = YES_ERROR;
				CLANG_WARN_EMPTY_BODY = YES;
				CLANG_WARN_ENUM_CONVERSION = YES;
				CLANG_WARN_INT_CONVERSION = YES;
				CLANG_WARN_OBJC_ROOT_CLASS = YES_ERROR;
				CLANG_WARN_UNREACHABLE_CODE = YES;
				CLANG_WARN__DUPLICATE_METHOD_MATCH = YES;
				"CODE_SIGN_IDENTITY[sdk=iphoneos*]" = "iPhone Developer";
				COPY_PHASE_STRIP = NO;
				ENABLE_STRICT_OBJC_MSGSEND = YES;
				GCC_C_LANGUAGE_STANDARD = gnu99;
				GCC_DYNAMIC_NO_PIC = NO;
				GCC_OPTIMIZATION_LEVEL = 0;
				GCC_PREPROCESSOR_DEFINITIONS = (
					"DEBUG=1",
					"$(inherited)",
				);
				GCC_SYMBOLS_PRIVATE_EXTERN = NO;
				GCC_WARN_64_TO_32_BIT_CONVERSION = YES;
				GCC_WARN_ABOUT_RETURN_TYPE = YES_ERROR;
				GCC_WARN_UNDECLARED_SELECTOR = YES;
				GCC_WARN_UNINITIALIZED_AUTOS = YES_AGGRESSIVE;
				GCC_WARN_UNUSED_FUNCTION = YES;
				GCC_WARN_UNUSED_VARIABLE = YES;
				IPHONEOS_DEPLOYMENT_TARGET = 8.1;
				MTL_ENABLE_DEBUG_INFO = YES;
				ONLY_ACTIVE_ARCH = YES;
				SDKROOT = iphoneos;
				SWIFT_OPTIMIZATION_LEVEL = "-Onone";
				TARGETED_DEVICE_FAMILY = "1,2";
			};
			name = Debug;
		};
		7954F7D01A7EF75A00E2341C /* Release */ = {
			isa = XCBuildConfiguration;
			buildSettings = {
				ALWAYS_SEARCH_USER_PATHS = NO;
				CLANG_CXX_LANGUAGE_STANDARD = "gnu++0x";
				CLANG_CXX_LIBRARY = "libc++";
				CLANG_ENABLE_MODULES = YES;
				CLANG_ENABLE_OBJC_ARC = YES;
				CLANG_WARN_BOOL_CONVERSION = YES;
				CLANG_WARN_CONSTANT_CONVERSION = YES;
				CLANG_WARN_DIRECT_OBJC_ISA_USAGE = YES_ERROR;
				CLANG_WARN_EMPTY_BODY = YES;
				CLANG_WARN_ENUM_CONVERSION = YES;
				CLANG_WARN_INT_CONVERSION = YES;
				CLANG_WARN_OBJC_ROOT_CLASS = YES_ERROR;
				CLANG_WARN_UNREACHABLE_CODE = YES;
				CLANG_WARN__DUPLICATE_METHOD_MATCH = YES;
				"CODE_SIGN_IDENTITY[sdk=iphoneos*]" = "iPhone Developer";
				COPY_PHASE_STRIP = YES;
				ENABLE_NS_ASSERTIONS = NO;
				ENABLE_STRICT_OBJC_MSGSEND = YES;
				GCC_C_LANGUAGE_STANDARD = gnu99;
				GCC_WARN_64_TO_32_BIT_CONVERSION = YES;
				GCC_WARN_ABOUT_RETURN_TYPE = YES_ERROR;
				GCC_WARN_UNDECLARED_SELECTOR = YES;
				GCC_WARN_UNINITIALIZED_AUTOS = YES_AGGRESSIVE;
				GCC_WARN_UNUSED_FUNCTION = YES;
				GCC_WARN_UNUSED_VARIABLE = YES;
				IPHONEOS_DEPLOYMENT_TARGET = 8.1;
				MTL_ENABLE_DEBUG_INFO = NO;
				SDKROOT = iphoneos;
				TARGETED_DEVICE_FAMILY = "1,2";
				VALIDATE_PRODUCT = YES;
			};
			name = Release;
		};
		7954F7D21A7EF75A00E2341C /* Debug */ = {
			isa = XCBuildConfiguration;
			buildSettings = {
				ASSETCATALOG_COMPILER_APPICON_NAME = AppIcon;
				INFOPLIST_FILE = OptionalExamples/Info.plist;
				LD_RUNPATH_SEARCH_PATHS = "$(inherited) @executable_path/Frameworks";
				PRODUCT_NAME = "$(TARGET_NAME)";
			};
			name = Debug;
		};
		7954F7D31A7EF75A00E2341C /* Release */ = {
			isa = XCBuildConfiguration;
			buildSettings = {
				ASSETCATALOG_COMPILER_APPICON_NAME = AppIcon;
				INFOPLIST_FILE = OptionalExamples/Info.plist;
				LD_RUNPATH_SEARCH_PATHS = "$(inherited) @executable_path/Frameworks";
				PRODUCT_NAME = "$(TARGET_NAME)";
			};
			name = Release;
		};
		7954F7D51A7EF75A00E2341C /* Debug */ = {
			isa = XCBuildConfiguration;
			buildSettings = {
				BUNDLE_LOADER = "$(TEST_HOST)";
				FRAMEWORK_SEARCH_PATHS = (
					"$(SDKROOT)/Developer/Library/Frameworks",
					"$(inherited)",
				);
				GCC_PREPROCESSOR_DEFINITIONS = (
					"DEBUG=1",
					"$(inherited)",
				);
				INFOPLIST_FILE = OptionalExamplesTests/Info.plist;
				LD_RUNPATH_SEARCH_PATHS = "$(inherited) @executable_path/Frameworks @loader_path/Frameworks";
				PRODUCT_NAME = "$(TARGET_NAME)";
				TEST_HOST = "$(BUILT_PRODUCTS_DIR)/OptionalExamples.app/OptionalExamples";
			};
			name = Debug;
		};
		7954F7D61A7EF75A00E2341C /* Release */ = {
			isa = XCBuildConfiguration;
			buildSettings = {
				BUNDLE_LOADER = "$(TEST_HOST)";
				FRAMEWORK_SEARCH_PATHS = (
					"$(SDKROOT)/Developer/Library/Frameworks",
					"$(inherited)",
				);
				INFOPLIST_FILE = OptionalExamplesTests/Info.plist;
				LD_RUNPATH_SEARCH_PATHS = "$(inherited) @executable_path/Frameworks @loader_path/Frameworks";
				PRODUCT_NAME = "$(TARGET_NAME)";
				TEST_HOST = "$(BUILT_PRODUCTS_DIR)/OptionalExamples.app/OptionalExamples";
			};
			name = Release;
		};
/* End XCBuildConfiguration section */

/* Begin XCConfigurationList section */
		7954F7AD1A7EF75900E2341C /* Build configuration list for PBXProject "OptionalExamples" */ = {
			isa = XCConfigurationList;
			buildConfigurations = (
				7954F7CF1A7EF75A00E2341C /* Debug */,
				7954F7D01A7EF75A00E2341C /* Release */,
			);
			defaultConfigurationIsVisible = 0;
			defaultConfigurationName = Release;
		};
		7954F7D11A7EF75A00E2341C /* Build configuration list for PBXNativeTarget "OptionalExamples" */ = {
			isa = XCConfigurationList;
			buildConfigurations = (
				7954F7D21A7EF75A00E2341C /* Debug */,
				7954F7D31A7EF75A00E2341C /* Release */,
			);
			defaultConfigurationIsVisible = 0;
			defaultConfigurationName = Release;
		};
		7954F7D41A7EF75A00E2341C /* Build configuration list for PBXNativeTarget "OptionalExamplesTests" */ = {
			isa = XCConfigurationList;
			buildConfigurations = (
				7954F7D51A7EF75A00E2341C /* Debug */,
				7954F7D61A7EF75A00E2341C /* Release */,
			);
			defaultConfigurationIsVisible = 0;
			defaultConfigurationName = Release;
		};
/* End XCConfigurationList section */
	};
	rootObject = 7954F7AA1A7EF75900E2341C /* Project object */;
}
